
Microsoft Visual Studio Solution File, Format Version 12.00
# Visual Studio Version 16
VisualStudioVersion = 16.0.31515.178
MinimumVisualStudioVersion = 10.0.40219.1
Project("{FAE04EC0-301F-11D3-BF4B-00C04F79EFBC}") = "ProjectLibrary", "ProjectLibrary\ProjectLibrary.csproj", "{650DE580-E0A6-4D62-9E49-9BEE4FC9380C}"
EndProject
Global
	GlobalSection(SolutionConfigurationPlatforms) = preSolution
		Debug|Any CPU = Debug|Any CPU
		Release|Any CPU = Release|Any CPU
	EndGlobalSection
	GlobalSection(ProjectConfigurationPlatforms) = postSolution
		{650DE580-E0A6-4D62-9E49-9BEE4FC9380C}.Debug|Any CPU.ActiveCfg = Debug|Any CPU
		{650DE580-E0A6-4D62-9E49-9BEE4FC9380C}.Debug|Any CPU.Build.0 = Debug|Any CPU
		{650DE580-E0A6-4D62-9E49-9BEE4FC9380C}.Release|Any CPU.ActiveCfg = Release|Any CPU
		{650DE580-E0A6-4D62-9E49-9BEE4FC9380C}.Release|Any CPU.Build.0 = Release|Any CPU
	EndGlobalSection
	GlobalSection(SolutionProperties) = preSolution
		HideSolutionNode = FALSE
	EndGlobalSection
	GlobalSection(ExtensibilityGlobals) = postSolution
		SolutionGuid = {FA92734D-1B8F-4761-BAF0-E24470BA2062}
	EndGlobalSection
EndGlobal
